
Microsoft Visual Studio Solution File, Format Version 12.00
# Visual Studio Version 17
VisualStudioVersion = 17.0.31912.275
MinimumVisualStudioVersion = 10.0.40219.1
Project("{9A19103F-16F7-4668-BE54-9A1E7A4F7556}") = "01_Decorator", "01_Decorator\01_Decorator.csproj", "{D6D9EB7D-0597-4484-92EF-6418809CF02B}"
EndProject
Project("{9A19103F-16F7-4668-BE54-9A1E7A4F7556}") = "02_Facade", "02_Facade\02_Facade.csproj", "{C06E282E-211D-4AF5-BACE-6E323E574F57}"
EndProject
Project("{9A19103F-16F7-4668-BE54-9A1E7A4F7556}") = "03_Bridge", "03_Bridge\03_Bridge.csproj", "{3788A0D4-67CD-41D9-8D09-CCE83B4B0D2B}"
EndProject
Project("{9A19103F-16F7-4668-BE54-9A1E7A4F7556}") = "04_Proxy", "04_Proxy\04_Proxy.csproj", "{AF006384-3108-4080-ABC9-D5FF448B22CE}"
EndProject
Project("{9A19103F-16F7-4668-BE54-9A1E7A4F7556}") = "05_Composite", "05_Composite\05_Composite.csproj", "{7D50409C-5FD2-4B13-B614-B43A077A3BE9}"
EndProject
Project("{9A19103F-16F7-4668-BE54-9A1E7A4F7556}") = "06_Flyweight", "06_Flyweight\06_Flyweight.csproj", "{78DB62F2-46F9-4D65-9048-4FF4A3E085D0}"
EndProject
Project("{9A19103F-16F7-4668-BE54-9A1E7A4F7556}") = "07_Adapter", "07_Adapter\07_Adapter.csproj", "{86502574-66C8-439C-811B-15CAABEBBD85}"
EndProject
Project("{9A19103F-16F7-4668-BE54-9A1E7A4F7556}") = "08_Prototype", "08_Prototype\08_Prototype.csproj", "{D28EF6A3-3623-4BCF-8997-773B1BD742AA}"
EndProject
Project("{9A19103F-16F7-4668-BE54-9A1E7A4F7556}") = "09_Singleton", "09_Singleton\09_Singleton.csproj", "{26985AEC-1173-4299-A33A-D937A080930F}"
EndProject
Project("{FAE04EC0-301F-11D3-BF4B-00C04F79EFBC}") = "10_Factory Method", "10_Factory Method\10_Factory Method.csproj", "{66B3DAF3-0BB5-44E2-812E-3EE9336F8B5B}"
EndProject
Global
	GlobalSection(SolutionConfigurationPlatforms) = preSolution
		Debug|Any CPU = Debug|Any CPU
		Release|Any CPU = Release|Any CPU
	EndGlobalSection
	GlobalSection(ProjectConfigurationPlatforms) = postSolution
		{D6D9EB7D-0597-4484-92EF-6418809CF02B}.Debug|Any CPU.ActiveCfg = Debug|Any CPU
		{D6D9EB7D-0597-4484-92EF-6418809CF02B}.Debug|Any CPU.Build.0 = Debug|Any CPU
		{D6D9EB7D-0597-4484-92EF-6418809CF02B}.Release|Any CPU.ActiveCfg = Release|Any CPU
		{D6D9EB7D-0597-4484-92EF-6418809CF02B}.Release|Any CPU.Build.0 = Release|Any CPU
		{C06E282E-211D-4AF5-BACE-6E323E574F57}.Debug|Any CPU.ActiveCfg = Debug|Any CPU
		{C06E282E-211D-4AF5-BACE-6E323E574F57}.Debug|Any CPU.Build.0 = Debug|Any CPU
		{C06E282E-211D-4AF5-BACE-6E323E574F57}.Release|Any CPU.ActiveCfg = Release|Any CPU
		{C06E282E-211D-4AF5-BACE-6E323E574F57}.Release|Any CPU.Build.0 = Release|Any CPU
		{3788A0D4-67CD-41D9-8D09-CCE83B4B0D2B}.Debug|Any CPU.ActiveCfg = Debug|Any CPU
		{3788A0D4-67CD-41D9-8D09-CCE83B4B0D2B}.Debug|Any CPU.Build.0 = Debug|Any CPU
		{3788A0D4-67CD-41D9-8D09-CCE83B4B0D2B}.Release|Any CPU.ActiveCfg = Release|Any CPU
		{3788A0D4-67CD-41D9-8D09-CCE83B4B0D2B}.Release|Any CPU.Build.0 = Release|Any CPU
		{AF006384-3108-4080-ABC9-D5FF448B22CE}.Debug|Any CPU.ActiveCfg = Debug|Any CPU
		{AF006384-3108-4080-ABC9-D5FF448B22CE}.Debug|Any CPU.Build.0 = Debug|Any CPU
		{AF006384-3108-4080-ABC9-D5FF448B22CE}.Release|Any CPU.ActiveCfg = Release|Any CPU
		{AF006384-3108-4080-ABC9-D5FF448B22CE}.Release|Any CPU.Build.0 = Release|Any CPU
		{7D50409C-5FD2-4B13-B614-B43A077A3BE9}.Debug|Any CPU.ActiveCfg = Debug|Any CPU
		{7D50409C-5FD2-4B13-B614-B43A077A3BE9}.Debug|Any CPU.Build.0 = Debug|Any CPU
		{7D50409C-5FD2-4B13-B614-B43A077A3BE9}.Release|Any CPU.ActiveCfg = Release|Any CPU
		{7D50409C-5FD2-4B13-B614-B43A077A3BE9}.Release|Any CPU.Build.0 = Release|Any CPU
		{78DB62F2-46F9-4D65-9048-4FF4A3E085D0}.Debug|Any CPU.ActiveCfg = Debug|Any CPU
		{78DB62F2-46F9-4D65-9048-4FF4A3E085D0}.Debug|Any CPU.Build.0 = Debug|Any CPU
		{78DB62F2-46F9-4D65-9048-4FF4A3E085D0}.Release|Any CPU.ActiveCfg = Release|Any CPU
		{78DB62F2-46F9-4D65-9048-4FF4A3E085D0}.Release|Any CPU.Build.0 = Release|Any CPU
		{86502574-66C8-439C-811B-15CAABEBBD85}.Debug|Any CPU.ActiveCfg = Debug|Any CPU
		{86502574-66C8-439C-811B-15CAABEBBD85}.Debug|Any CPU.Build.0 = Debug|Any CPU
		{86502574-66C8-439C-811B-15CAABEBBD85}.Release|Any CPU.ActiveCfg = Release|Any CPU
		{86502574-66C8-439C-811B-15CAABEBBD85}.Release|Any CPU.Build.0 = Release|Any CPU
		{D28EF6A3-3623-4BCF-8997-773B1BD742AA}.Debug|Any CPU.ActiveCfg = Debug|Any CPU
		{D28EF6A3-3623-4BCF-8997-773B1BD742AA}.Debug|Any CPU.Build.0 = Debug|Any CPU
		{D28EF6A3-3623-4BCF-8997-773B1BD742AA}.Release|Any CPU.ActiveCfg = Release|Any CPU
		{D28EF6A3-3623-4BCF-8997-773B1BD742AA}.Release|Any CPU.Build.0 = Release|Any CPU
		{26985AEC-1173-4299-A33A-D937A080930F}.Debug|Any CPU.ActiveCfg = Debug|Any CPU
		{26985AEC-1173-4299-A33A-D937A080930F}.Debug|Any CPU.Build.0 = Debug|Any CPU
		{26985AEC-1173-4299-A33A-D937A080930F}.Release|Any CPU.ActiveCfg = Release|Any CPU
		{26985AEC-1173-4299-A33A-D937A080930F}.Release|Any CPU.Build.0 = Release|Any CPU
		{66B3DAF3-0BB5-44E2-812E-3EE9336F8B5B}.Debug|Any CPU.ActiveCfg = Debug|Any CPU
		{66B3DAF3-0BB5-44E2-812E-3EE9336F8B5B}.Debug|Any CPU.Build.0 = Debug|Any CPU
		{66B3DAF3-0BB5-44E2-812E-3EE9336F8B5B}.Release|Any CPU.ActiveCfg = Release|Any CPU
		{66B3DAF3-0BB5-44E2-812E-3EE9336F8B5B}.Release|Any CPU.Build.0 = Release|Any CPU
	EndGlobalSection
	GlobalSection(SolutionProperties) = preSolution
		HideSolutionNode = FALSE
	EndGlobalSection
	GlobalSection(ExtensibilityGlobals) = postSolution
		SolutionGuid = {F5670C3D-A795-4CEE-A925-916CABB93082}
	EndGlobalSection
EndGlobal
